
Microsoft Visual Studio Solution File, Format Version 12.00
# Visual Studio Version 16
VisualStudioVersion = 16.0.33423.256
MinimumVisualStudioVersion = 10.0.40219.1
Project("{FAE04EC0-301F-11D3-BF4B-00C04F79EFBC}") = "FindMaxInMatrix", "FindMaxInMatrix.csproj", "{15E88088-5350-46FC-9C21-2940F53067D2}"
EndProject
Global
	GlobalSection(SolutionConfigurationPlatforms) = preSolution
		Debug|Any CPU = Debug|Any CPU
		Release|Any CPU = Release|Any CPU
	EndGlobalSection
	GlobalSection(ProjectConfigurationPlatforms) = postSolution
		{15E88088-5350-46FC-9C21-2940F53067D2}.Debug|Any CPU.ActiveCfg = Debug|Any CPU
		{15E88088-5350-46FC-9C21-2940F53067D2}.Debug|Any CPU.Build.0 = Debug|Any CPU
		{15E88088-5350-46FC-9C21-2940F53067D2}.Release|Any CPU.ActiveCfg = Release|Any CPU
		{15E88088-5350-46FC-9C21-2940F53067D2}.Release|Any CPU.Build.0 = Release|Any CPU
	EndGlobalSection
	GlobalSection(SolutionProperties) = preSolution
		HideSolutionNode = FALSE
	EndGlobalSection
	GlobalSection(ExtensibilityGlobals) = postSolution
		SolutionGuid = {6BBE101C-79C7-4B10-B982-4B91697E2ED9}
	EndGlobalSection
EndGlobal
